# THIS IS AN AUTOGENERATED FILE. DO NOT EDIT THIS FILE DIRECTLY.
# yarn lockfile v1


"@types/chalk@^2.2.0":
  version "2.2.0"
  resolved "https://registry.npm.taobao.org/@types/chalk/download/@types/chalk-2.2.0.tgz"
  integrity "sha1-t/bkRvRRECnujj9DB1+1tz+6oLo= sha512-1zzPV9FDe1I/WHhRkf9SNgqtRJWZqrBWgu7JGveuHmmyR9CnAPCie2N/x+iHrgnpYBIcCJWHBoMRv2TRWktsvw=="
  dependencies:
    chalk "*"

"@types/commander@^2.12.2":
  version "2.12.2"
  resolved "https://registry.npm.taobao.org/@types/commander/download/@types/commander-2.12.2.tgz"
  integrity "sha1-GDBBojhC1CgUePpdI8XKeOb9CK4= sha512-0QEFiR8ljcHp9bAbWxecjVRuAMr16ivPiGOw6KFQBVrVd0RQIcM3xKdRisH2EDWgVWujiYtHwhSkSUoAAGzH7Q=="
  dependencies:
    commander "*"

"@types/configstore@^2.1.1":
  version "2.1.1"
  resolved "https://registry.npm.taobao.org/@types/configstore/download/@types/configstore-2.1.1.tgz"
  integrity "sha1-zR6FU2M60xhcPy8jns/10mQ+krY= sha512-YY+hm3afkDHeSM2rsFXxeZtu0garnusBWNG1+7MknmDWQHqcH2w21/xOU9arJUi8ch4qyFklidANLCu3ihhVwQ=="

"@types/core-js@^2.5.0":
  version "2.5.3"
  resolved "https://registry.npm.taobao.org/@types/core-js/download/@types/core-js-2.5.3.tgz"
  integrity "sha1-0vMH9wj4l/h10xJQHjtKL9RIHUE= sha512-F9RHpjuPSit4dCCRXgi7XcqA01DAjy9QY+v9yICoxXsjXD9cgQpyZyL2eSZnTkBGXGaQnea8waZOZTogLDB+rA=="

"@types/figlet@^1.2.0":
  version "1.2.0"
  resolved "https://registry.npm.taobao.org/@types/figlet/download/@types/figlet-1.2.0.tgz"
  integrity "sha1-Lat22gadyM5dyrRh9/J4gxf7Aag= sha512-TDZkNpYfkc3X8yv7w1QBziZmmxzNfGKX+YjeNkMpmSiNV0QOdNf9G5cEZB3FH1/oaqpSQEdxuDzURdju2L3lng=="

"@types/inquirer@0.0.42":
  version "0.0.42"
  resolved "https://registry.npm.taobao.org/@types/inquirer/download/@types/inquirer-0.0.42.tgz"
  integrity "sha1-IxD9hiMFO+rXIketrkFqoyus3ww= sha512-flMaNWU2g9NrtZ4bIV+7SEY2W7OdWNNhmJ0rE1lWVxGrkp3TfFGMcFCxRIBmGWigI8e6n+2HqLjizTTfgcpHLg=="
  dependencies:
    "@types/rx" "*"
    "@types/through" "*"

"@types/node@*":
  version "14.0.27"
  resolved "https://registry.npm.taobao.org/@types/node/download/@types/node-14.0.27.tgz?cache=0&sync_timestamp=1595997285729&other_urls=https%3A%2F%2Fregistry.npm.taobao.org%2F%40types%2Fnode%2Fdownload%2F%40types%2Fnode-14.0.27.tgz"
  integrity "sha1-oVGHOvWl6FG1GzsGXJ5jOQqeDrE= sha512-kVrqXhbclHNHGu9ztnAwSncIgJv/FaxmzXJvGXNdcCpV1b8u1/Mi6z6m0vwy0LzKeXFTPLH0NzwmoJ3fNCIq0g=="

"@types/ora@^1.3.4":
  version "1.3.5"
  resolved "https://registry.npm.taobao.org/@types/ora/download/@types/ora-1.3.5.tgz"
  integrity "sha1-Ggi/ZJAsFHPT1H3lhUmkngcUDxw= sha512-CZe3oXbO1XylJT1feg+/aCzNt6tfR4XO+IkLetc85O/yaZRw271cZtS8LL/2mknd+PoR5IKAjFLzo4KWZXxung=="
  dependencies:
    "@types/node" "*"

"@types/rx-core-binding@*":
  version "4.0.4"
  resolved "https://registry.npm.taobao.org/@types/rx-core-binding/download/@types/rx-core-binding-4.0.4.tgz"
  integrity "sha1-2WnTLxWmK4nihiwXs+54/jKYGNM= sha512-5pkfxnC4w810LqBPUwP5bg7SFR/USwhMSaAeZQQbEHeBp57pjKXRlXmqpMrLJB4y1oglR/c2502853uN0I+DAQ=="
  dependencies:
    "@types/rx-core" "*"

"@types/rx-core@*":
  version "4.0.3"
  resolved "https://registry.npm.taobao.org/@types/rx-core/download/@types/rx-core-4.0.3.tgz"
  integrity "sha1-CzNUsSOM7b4rdPYybxOdvHpZHWA= sha512-XqPap57hhipi8whgvYSFOEj7mUz2BpITUsS/vkWeyhEZ06XoEw2qSQSvgRgolxXn8hvpKj+YZDIvobJG5JFAxw=="

"@types/rx-lite-aggregates@*":
  version "4.0.3"
  resolved "https://registry.npm.taobao.org/@types/rx-lite-aggregates/download/@types/rx-lite-aggregates-4.0.3.tgz"
  integrity "sha1-bvsrfz1fBxg6HLK9SxNx1wczhMI= sha512-MAGDAHy8cRatm94FDduhJF+iNS5//jrZ/PIfm+QYw9OCeDgbymFHChM8YVIvN2zArwsRftKgE33QfRWvQk4DPg=="
  dependencies:
    "@types/rx-lite" "*"

"@types/rx-lite-async@*":
  version "4.0.2"
  resolved "https://registry.npm.taobao.org/@types/rx-lite-async/download/@types/rx-lite-async-4.0.2.tgz"
  integrity "sha1-J/vwyu/wKfQeLSquY4sF6RzrYAw= sha512-vTEv5o8l6702ZwfAM5aOeVDfUwBSDOs+ARoGmWAKQ6LOInQ8J4/zjM7ov12fuTpktUKdMQjkeCp07Vd73mPkxw=="
  dependencies:
    "@types/rx-lite" "*"

"@types/rx-lite-backpressure@*":
  version "4.0.3"
  resolved "https://registry.npm.taobao.org/@types/rx-lite-backpressure/download/@types/rx-lite-backpressure-4.0.3.tgz"
  integrity "sha1-Bauxm9+HzHQBlsNV5dCze7ULXVY= sha512-Y6aIeQCtNban5XSAF4B8dffhIKu6aAy/TXFlScHzSxh6ivfQBQw6UjxyEJxIOt3IT49YkS+siuayM2H/Q0cmgA=="
  dependencies:
    "@types/rx-lite" "*"

"@types/rx-lite-coincidence@*":
  version "4.0.3"
  resolved "https://registry.npm.taobao.org/@types/rx-lite-coincidence/download/@types/rx-lite-coincidence-4.0.3.tgz"
  integrity "sha1-gL1prMQFShXNwWOOLciENJjNhcA= sha512-1VNJqzE9gALUyMGypDXZZXzR0Tt7LC9DdAZQ3Ou/Q0MubNU35agVUNXKGHKpNTba+fr8GdIdkC26bRDqtCQBeQ=="
  dependencies:
    "@types/rx-lite" "*"

"@types/rx-lite-experimental@*":
  version "4.0.1"
  resolved "https://registry.npm.taobao.org/@types/rx-lite-experimental/download/@types/rx-lite-experimental-4.0.1.tgz"
  integrity "sha1-xTL1y98/LBXaFt7Ykw0bKYQCPL0= sha512-9ydO3He/tWM3orVClAWrcqyqdUFGPSD8N606eCHtJAesSZpI6vIDelY3CNh486sh4vHA65yFsgug/OsyicNFpg=="
  dependencies:
    "@types/rx-lite" "*"

"@types/rx-lite-joinpatterns@*":
  version "4.0.1"
  resolved "https://registry.npm.taobao.org/@types/rx-lite-joinpatterns/download/@types/rx-lite-joinpatterns-4.0.1.tgz"
  integrity "sha1-9w/jcFGKhDLykVjMkv+1a05K/D4= sha512-z7SYKOL32H7eK9V/z3UXZabYlBSmQbeIrpGCM1UiNwzxDVjYV0NW99mYU5NWGd2x2OcAtvJvC/PUENPsVYWyUQ=="
  dependencies:
    "@types/rx-lite" "*"

"@types/rx-lite-testing@*":
  version "4.0.1"
  resolved "https://registry.npm.taobao.org/@types/rx-lite-testing/download/@types/rx-lite-testing-4.0.1.tgz"
  integrity "sha1-IbGdEfTf1v/vWp0WSOnIh5v+Iek= sha512-kd+O2scX+mU/KkSOnJo+4GuPjkIVTvOsDbv0fjGQRTT8oPeptHxgYCOxtfVePwGC6HmeUmcjTOWYQBUFHRh24w=="
  dependencies:
    "@types/rx-lite-virtualtime" "*"

"@types/rx-lite-time@*":
  version "4.0.3"
  resolved "https://registry.npm.taobao.org/@types/rx-lite-time/download/@types/rx-lite-time-4.0.3.tgz"
  integrity "sha1-DtplR0VwI3WY80SLhF0mlvLbscQ= sha512-ukO5sPKDRwCGWRZRqPlaAU0SKVxmWwSjiOrLhoQDoWxZWg6vyB9XLEZViKOzIO6LnTIQBlk4UylYV0rnhJLxQw=="
  dependencies:
    "@types/rx-lite" "*"

"@types/rx-lite-virtualtime@*":
  version "4.0.3"
  resolved "https://registry.npm.taobao.org/@types/rx-lite-virtualtime/download/@types/rx-lite-virtualtime-4.0.3.tgz"
  integrity "sha1-SzDKzQ/i5TrynwT3Q4WEx9OVlTc= sha512-3uC6sGmjpOKatZSVHI2xB1+dedgml669ZRvqxy+WqmGJDVusOdyxcKfyzjW0P3/GrCiN4nmRkLVMhPwHCc5QLg=="
  dependencies:
    "@types/rx-lite" "*"

"@types/rx-lite@*":
  version "4.0.6"
  resolved "https://registry.npm.taobao.org/@types/rx-lite/download/@types/rx-lite-4.0.6.tgz"
  integrity "sha1-PAKSHEJEB0I08mt3IkG8wgwYwlM= sha512-oYiDrFIcor9zDm0VDUca1UbROiMYBxMLMaM6qzz4ADAfOmA9r1dYEcAFH+2fsPI5BCCjPvV9pWC3X3flbrvs7w=="
  dependencies:
    "@types/rx-core" "*"
    "@types/rx-core-binding" "*"

"@types/rx@*":
  version "4.1.2"
  resolved "https://registry.npm.taobao.org/@types/rx/download/@types/rx-4.1.2.tgz"
  integrity "sha1-pAYbPXKwPPEaONaeICKhczTFTcA= sha512-1r8ZaT26Nigq7o4UBGl+aXB2UMFUIdLPP/8bLIP0x3d0pZL46ybKKjhWKaJQWIkLl5QCLD0nK3qTOO1QkwdFaA=="
  dependencies:
    "@types/rx-core" "*"
    "@types/rx-core-binding" "*"
    "@types/rx-lite" "*"
    "@types/rx-lite-aggregates" "*"
    "@types/rx-lite-async" "*"
    "@types/rx-lite-backpressure" "*"
    "@types/rx-lite-coincidence" "*"
    "@types/rx-lite-experimental" "*"
    "@types/rx-lite-joinpatterns" "*"
    "@types/rx-lite-testing" "*"
    "@types/rx-lite-time" "*"
    "@types/rx-lite-virtualtime" "*"

"@types/through@*":
  version "0.0.30"
  resolved "https://registry.npm.taobao.org/@types/through/download/@types/through-0.0.30.tgz"
  integrity "sha1-4OQs536Je9aurW9upirrE1uKOJU= sha512-FvnCJljyxhPM3gkRgWmxmDZyAQSiBQQWLI0A0VFL0K7W1oRUrPJSqNO0NvTnLkBcotdlp3lKvaT0JrnyRDkzOg=="
  dependencies:
    "@types/node" "*"

ansi-escapes@^3.0.0:
  version "3.2.0"
  resolved "https://registry.npm.taobao.org/ansi-escapes/download/ansi-escapes-3.2.0.tgz"
  integrity "sha1-h4C5j/nb9WOBUtHx/lwde0RCl2s= sha512-cBhpre4ma+U0T1oM5fXg7Dy1Jw7zzwv7lt/GoCpr+hDQJoYnKVPLL4dCvSEFMmQurOQvSrwT7SL/DAlhBI97RQ=="

ansi-escapes@^4.2.1:
  version "4.3.2"
  resolved "https://registry.npmjs.org/ansi-escapes/-/ansi-escapes-4.3.2.tgz"
  dependencies:
    type-fest "^0.21.3"

ansi-regex@^3.0.0:
  version "3.0.1"
  resolved "https://registry.yarnpkg.com/ansi-regex/-/ansi-regex-3.0.1.tgz#123d6479e92ad45ad897d4054e3c7ca7db4944e1"

ansi-regex@^5.0.1:
  version "5.0.1"
  resolved "https://registry.npmjs.org/ansi-regex/-/ansi-regex-5.0.1.tgz"

ansi-regex@^6.0.1:
  version "6.0.1"
  resolved "https://registry.npmjs.org/ansi-regex/-/ansi-regex-6.0.1.tgz"

ansi-styles@^3.2.1:
  version "3.2.1"
  resolved "https://registry.npmjs.org/ansi-styles/-/ansi-styles-3.2.1.tgz"
  dependencies:
    color-convert "^1.9.0"

ansi-styles@^4.1.0:
  version "4.3.0"
  resolved "https://registry.npmjs.org/ansi-styles/-/ansi-styles-4.3.0.tgz"
  dependencies:
    color-convert "^2.0.1"

asynckit@^0.4.0:
  version "0.4.0"
  resolved "https://registry.yarnpkg.com/asynckit/-/asynckit-0.4.0.tgz#c79ed97f7f34cb8f2ba1bc9790bcc366474b4b79"

axios@^1.6.0:
  version "1.6.0"
  resolved "https://registry.yarnpkg.com/axios/-/axios-1.6.0.tgz#f1e5292f26b2fd5c2e66876adc5b06cdbd7d2102"
  dependencies:
    follow-redirects "^1.15.0"
    form-data "^4.0.0"
    proxy-from-env "^1.1.0"

base64-js@^1.3.1:
  version "1.5.1"
  resolved "https://registry.npmjs.org/base64-js/-/base64-js-1.5.1.tgz"

bl@^4.1.0:
  version "4.1.0"
  resolved "https://registry.npmjs.org/bl/-/bl-4.1.0.tgz"
  dependencies:
    buffer "^5.5.0"
    inherits "^2.0.4"
    readable-stream "^3.4.0"

bl@^5.0.0:
  version "5.0.0"
  resolved "https://registry.npmjs.org/bl/-/bl-5.0.0.tgz"
  dependencies:
    buffer "^6.0.3"
    inherits "^2.0.4"
    readable-stream "^3.4.0"

buffer@^5.5.0:
  version "5.7.1"
  resolved "https://registry.npmjs.org/buffer/-/buffer-5.7.1.tgz"
  dependencies:
    base64-js "^1.3.1"
    ieee754 "^1.1.13"

buffer@^6.0.3:
  version "6.0.3"
  resolved "https://registry.npmjs.org/buffer/-/buffer-6.0.3.tgz"
  dependencies:
    base64-js "^1.3.1"
    ieee754 "^1.2.1"

chalk@*, chalk@^5.0.0:
  version "5.0.0"
  resolved "https://registry.npmjs.org/chalk/-/chalk-5.0.0.tgz"

chalk@^2.0.0, chalk@^2.1.0:
  version "2.4.2"
  resolved "https://registry.npmjs.org/chalk/-/chalk-2.4.2.tgz"
  dependencies:
    ansi-styles "^3.2.1"
    escape-string-regexp "^1.0.5"
    supports-color "^5.3.0"

chalk@^4.1.0, chalk@^4.1.1:
  version "4.1.2"
  resolved "https://registry.npmjs.org/chalk/-/chalk-4.1.2.tgz"
  dependencies:
    ansi-styles "^4.1.0"
    supports-color "^7.1.0"

chardet@^0.4.0:
  version "0.4.2"
  resolved "https://registry.npm.taobao.org/chardet/download/chardet-0.4.2.tgz?cache=0&sync_timestamp=1594010660915&other_urls=https%3A%2F%2Fregistry.npm.taobao.org%2Fchardet%2Fdownload%2Fchardet-0.4.2.tgz"

chardet@^0.7.0:
  version "0.7.0"
  resolved "https://registry.npm.taobao.org/chardet/download/chardet-0.7.0.tgz?cache=0&sync_timestamp=1594010660915&other_urls=https%3A%2F%2Fregistry.npm.taobao.org%2Fchardet%2Fdownload%2Fchardet-0.7.0.tgz"

cli-cursor@^2.1.0:
  version "2.1.0"
  resolved "https://registry.npm.taobao.org/cli-cursor/download/cli-cursor-2.1.0.tgz"
  dependencies:
    restore-cursor "^2.0.0"

cli-cursor@^3.1.0:
  version "3.1.0"
  resolved "https://registry.npmjs.org/cli-cursor/-/cli-cursor-3.1.0.tgz"
  dependencies:
    restore-cursor "^3.1.0"

cli-cursor@^4.0.0:
  version "4.0.0"
  resolved "https://registry.npmjs.org/cli-cursor/-/cli-cursor-4.0.0.tgz"
  dependencies:
    restore-cursor "^4.0.0"

cli-spinners@^2.5.0, cli-spinners@^2.6.1:
  version "2.6.1"
  resolved "https://registry.npmjs.org/cli-spinners/-/cli-spinners-2.6.1.tgz"

cli-width@^2.0.0:
  version "2.2.1"
  resolved "https://registry.npm.taobao.org/cli-width/download/cli-width-2.2.1.tgz"

cli-width@^3.0.0:
  version "3.0.0"
  resolved "https://registry.npmjs.org/cli-width/-/cli-width-3.0.0.tgz"

clone@^1.0.2:
  version "1.0.4"
  resolved "https://registry.npm.taobao.org/clone/download/clone-1.0.4.tgz"

color-convert@^1.9.0:
  version "1.9.3"
  resolved "https://registry.npmjs.org/color-convert/-/color-convert-1.9.3.tgz"
  dependencies:
    color-name "1.1.3"

color-convert@^2.0.1:
  version "2.0.1"
  resolved "https://registry.npmjs.org/color-convert/-/color-convert-2.0.1.tgz"
  dependencies:
    color-name "~1.1.4"

color-name@1.1.3:
  version "1.1.3"
  resolved "https://registry.npmjs.org/color-name/-/color-name-1.1.3.tgz"

color-name@~1.1.4:
  version "1.1.4"
  resolved "https://registry.npmjs.org/color-name/-/color-name-1.1.4.tgz"

combined-stream@^1.0.8:
  version "1.0.8"
  resolved "https://registry.yarnpkg.com/combined-stream/-/combined-stream-1.0.8.tgz#c3d45a8b34fd730631a110a8a2520682b31d5a7f"
  dependencies:
    delayed-stream "~1.0.0"

commander@*, commander@^2.17.1:
  version "2.20.3"
  resolved "https://registry.npm.taobao.org/commander/download/commander-2.20.3.tgz"

configstore@^6.0.0:
  version "6.0.0"
  resolved "https://registry.yarnpkg.com/configstore/-/configstore-6.0.0.tgz#49eca2ebc80983f77e09394a1a56e0aca8235566"
  dependencies:
    dot-prop "^6.0.1"
    graceful-fs "^4.2.6"
    unique-string "^3.0.0"
    write-file-atomic "^3.0.3"
    xdg-basedir "^5.0.1"

core-js@^2.5.7:
  version "2.6.11"
  resolved "https://registry.npm.taobao.org/core-js/download/core-js-2.6.11.tgz"
  integrity "sha1-OIMUafmSK97Y7iHJ3EaYXgOZMIw= sha512-5wjnpaT/3dV+XB4borEsnAYQchn00XSgTAWKDkEqv+K8KevjbzmofK6hfJ9TZIlpj2N0xQpazy7PiRQiWHqzWg=="

crypto-random-string@^4.0.0:
  version "4.0.0"
  resolved "https://registry.yarnpkg.com/crypto-random-string/-/crypto-random-string-4.0.0.tgz#5a3cc53d7dd86183df5da0312816ceeeb5bb1fc2"
  dependencies:
    type-fest "^1.0.1"

dateformat@^3.0.2:
  version "3.0.3"
  resolved "https://registry.npm.taobao.org/dateformat/download/dateformat-3.0.3.tgz"
  integrity "sha1-puN0maTZqc+F71hyBE1ikByYia4= sha512-jyCETtSl3VMZMWeRo7iY1FL19ges1t55hMo5yaam4Jrsm5EPL89UQkoQRyiI+Yf4k8r2ZpdngkV8hr1lIdjb3Q=="

datejs@^1.0.0-rc3:
  version "1.0.0-rc3"
  resolved "https://registry.npm.taobao.org/datejs/download/datejs-1.0.0-rc3.tgz"
  integrity "sha1-v/oe/t7+tB/diiQq9Vr6AftY3lc= sha512-c6kzWmGUKLrdT+8LjUvtAObOgsecqnkpOYOuSDzYdNhdCk3+WALxtBuSMRJDmOfS6JVs/+N2yTGHb0D8oNqB/Q=="

defaults@^1.0.3:
  version "1.0.3"
  resolved "https://registry.npm.taobao.org/defaults/download/defaults-1.0.3.tgz"
  dependencies:
    clone "^1.0.2"

delayed-stream@~1.0.0:
  version "1.0.0"
  resolved "https://registry.yarnpkg.com/delayed-stream/-/delayed-stream-1.0.0.tgz#df3ae199acadfb7d440aaae0b29e2272b24ec619"

dot-prop@^6.0.1:
  version "6.0.1"
  resolved "https://registry.yarnpkg.com/dot-prop/-/dot-prop-6.0.1.tgz#fc26b3cf142b9e59b74dbd39ed66ce620c681083"
  dependencies:
    is-obj "^2.0.0"

emoji-regex@^8.0.0:
  version "8.0.0"
  resolved "https://registry.npmjs.org/emoji-regex/-/emoji-regex-8.0.0.tgz"

escape-string-regexp@^1.0.5:
  version "1.0.5"
  resolved "https://registry.npm.taobao.org/escape-string-regexp/download/escape-string-regexp-1.0.5.tgz"

external-editor@^2.0.4:
  version "2.2.0"
  resolved "https://registry.npm.taobao.org/external-editor/download/external-editor-2.2.0.tgz"
  integrity "sha1-BFURz9jRM/OEZnPRBHwVTiFK09U= sha512-bSn6gvGxKt+b7+6TKEv1ZycHleA7aHhRHyAqJyp5pbUFuYYNIzpZnQDk7AsYckyWdEnTeAnay0aCy2aV6iTk9A=="
  dependencies:
    chardet "^0.4.0"
    iconv-lite "^0.4.17"
    tmp "^0.0.33"

external-editor@^3.0.3:
  version "3.1.0"
  resolved "https://registry.npm.taobao.org/external-editor/download/external-editor-3.1.0.tgz"
  dependencies:
    chardet "^0.7.0"
    iconv-lite "^0.4.24"
    tmp "^0.0.33"

figlet@^1.2.0:
  version "1.5.0"
  resolved "https://registry.npm.taobao.org/figlet/download/figlet-1.5.0.tgz"
  integrity "sha1-LbTQClhOUVWpYIBjLbkZITw+ADw= sha512-ZQJM4aifMpz6H19AW1VqvZ7l4pOE9p7i/3LyxgO2kp+PO/VcDYNqIHEMtkccqIhTXMKci4kjueJr/iCQEaT/Ww=="

figures@^2.0.0:
  version "2.0.0"
  resolved "https://registry.npm.taobao.org/figures/download/figures-2.0.0.tgz"
  dependencies:
    escape-string-regexp "^1.0.5"

figures@^3.0.0:
  version "3.2.0"
  resolved "https://registry.npmjs.org/figures/-/figures-3.2.0.tgz"
  dependencies:
    escape-string-regexp "^1.0.5"

follow-redirects@^1.15.0:
  version "1.15.3"
  resolved "https://registry.yarnpkg.com/follow-redirects/-/follow-redirects-1.15.3.tgz#fe2f3ef2690afce7e82ed0b44db08165b207123a"

form-data@^4.0.0:
  version "4.0.0"
  resolved "https://registry.yarnpkg.com/form-data/-/form-data-4.0.0.tgz#93919daeaf361ee529584b9b31664dc12c9fa452"
  dependencies:
    asynckit "^0.4.0"
    combined-stream "^1.0.8"
    mime-types "^2.1.12"

graceful-fs@^4.2.6:
  version "4.2.11"
  resolved "https://registry.yarnpkg.com/graceful-fs/-/graceful-fs-4.2.11.tgz#4183e4e8bf08bb6e05bbb2f7d2e0c8f712ca40e3"

has-flag@^3.0.0:
  version "3.0.0"
  resolved "https://registry.npmjs.org/has-flag/-/has-flag-3.0.0.tgz"

has-flag@^4.0.0:
  version "4.0.0"
  resolved "https://registry.npmjs.org/has-flag/-/has-flag-4.0.0.tgz"

iconv-lite@^0.4.17, iconv-lite@^0.4.24:
  version "0.4.24"
  resolved "https://registry.npm.taobao.org/iconv-lite/download/iconv-lite-0.4.24.tgz"
  dependencies:
    safer-buffer ">= 2.1.2 < 3"

ieee754@^1.1.13, ieee754@^1.2.1:
  version "1.2.1"
  resolved "https://registry.npmjs.org/ieee754/-/ieee754-1.2.1.tgz"

imurmurhash@^0.1.4:
  version "0.1.4"
  resolved "https://registry.npm.taobao.org/imurmurhash/download/imurmurhash-0.1.4.tgz"

inherits@2.0.3, inherits@^2.0.3:
  version "2.0.3"
  resolved "https://registry.npm.taobao.org/inherits/download/inherits-2.0.3.tgz"

inherits@^2.0.4:
  version "2.0.4"
  resolved "https://registry.npmjs.org/inherits/-/inherits-2.0.4.tgz"

inquirer-datepicker-prompt@^0.4.2:
  version "0.4.2"
  resolved "https://registry.npmjs.org/inquirer-datepicker-prompt/-/inquirer-datepicker-prompt-0.4.2.tgz"
  dependencies:
    chalk "^2.1.0"
    cli-cursor "^2.1.0"
    dateformat "^3.0.2"
    datejs "^1.0.0-rc3"
    inquirer "^3.3.0"
    lodash "^4.17.4"
    util "^0.10.3"

inquirer@^3.3.0:
  version "3.3.0"
  resolved "https://registry.npmjs.org/inquirer/-/inquirer-3.3.0.tgz"
  dependencies:
    ansi-escapes "^3.0.0"
    chalk "^2.0.0"
    cli-cursor "^2.1.0"
    cli-width "^2.0.0"
    external-editor "^2.0.4"
    figures "^2.0.0"
    lodash "^4.3.0"
    mute-stream "0.0.7"
    run-async "^2.2.0"
    rx-lite "^4.0.8"
    rx-lite-aggregates "^4.0.8"
    string-width "^2.1.0"
    strip-ansi "^4.0.0"
    through "^2.3.6"

inquirer@^8.2.0:
  version "8.2.0"
  resolved "https://registry.npmjs.org/inquirer/-/inquirer-8.2.0.tgz"
  dependencies:
    ansi-escapes "^4.2.1"
    chalk "^4.1.1"
    cli-cursor "^3.1.0"
    cli-width "^3.0.0"
    external-editor "^3.0.3"
    figures "^3.0.0"
    lodash "^4.17.21"
    mute-stream "0.0.8"
    ora "^5.4.1"
    run-async "^2.4.0"
    rxjs "^7.2.0"
    string-width "^4.1.0"
    strip-ansi "^6.0.0"
    through "^2.3.6"

is-fullwidth-code-point@^2.0.0:
  version "2.0.0"
  resolved "https://registry.npm.taobao.org/is-fullwidth-code-point/download/is-fullwidth-code-point-2.0.0.tgz"

is-fullwidth-code-point@^3.0.0:
  version "3.0.0"
  resolved "https://registry.npmjs.org/is-fullwidth-code-point/-/is-fullwidth-code-point-3.0.0.tgz"

is-interactive@^1.0.0:
  version "1.0.0"
  resolved "https://registry.npmjs.org/is-interactive/-/is-interactive-1.0.0.tgz"

is-interactive@^2.0.0:
  version "2.0.0"
  resolved "https://registry.npmjs.org/is-interactive/-/is-interactive-2.0.0.tgz"

is-obj@^2.0.0:
  version "2.0.0"
  resolved "https://registry.npm.taobao.org/is-obj/download/is-obj-2.0.0.tgz"

is-typedarray@^1.0.0:
  version "1.0.0"
  resolved "https://registry.npm.taobao.org/is-typedarray/download/is-typedarray-1.0.0.tgz"

is-unicode-supported@^0.1.0:
  version "0.1.0"
  resolved "https://registry.npmjs.org/is-unicode-supported/-/is-unicode-supported-0.1.0.tgz"

is-unicode-supported@^1.1.0:
  version "1.1.0"
  resolved "https://registry.npmjs.org/is-unicode-supported/-/is-unicode-supported-1.1.0.tgz"

lodash@^4.17.21, lodash@^4.17.4, lodash@^4.3.0:
  version "4.17.21"
  resolved "https://registry.npmjs.org/lodash/-/lodash-4.17.21.tgz"

log-symbols@^4.1.0:
  version "4.1.0"
  resolved "https://registry.npmjs.org/log-symbols/-/log-symbols-4.1.0.tgz"
  dependencies:
    chalk "^4.1.0"
    is-unicode-supported "^0.1.0"

log-symbols@^5.1.0:
  version "5.1.0"
  resolved "https://registry.npmjs.org/log-symbols/-/log-symbols-5.1.0.tgz"
  dependencies:
    chalk "^5.0.0"
    is-unicode-supported "^1.1.0"

mime-db@1.52.0:
  version "1.52.0"
  resolved "https://registry.yarnpkg.com/mime-db/-/mime-db-1.52.0.tgz#bbabcdc02859f4987301c856e3387ce5ec43bf70"

mime-types@^2.1.12:
  version "2.1.35"
  resolved "https://registry.yarnpkg.com/mime-types/-/mime-types-2.1.35.tgz#381a871b62a734450660ae3deee44813f70d959a"
  dependencies:
    mime-db "1.52.0"

mimic-fn@^1.0.0:
  version "1.2.0"
  resolved "https://registry.npm.taobao.org/mimic-fn/download/mimic-fn-1.2.0.tgz?cache=0&sync_timestamp=1596095644798&other_urls=https%3A%2F%2Fregistry.npm.taobao.org%2Fmimic-fn%2Fdownload%2Fmimic-fn-1.2.0.tgz"
  integrity "sha1-ggyGo5M0ZA6ZUWkovQP8qIBX0CI= sha512-jf84uxzwiuiIVKiOLpfYk7N46TSy8ubTonmneY9vrpHNAnp0QBt2BxWV9dO3/j+BoVAb+a5G6YDPW3M5HOdMWQ=="

mimic-fn@^2.1.0:
  version "2.1.0"
  resolved "https://registry.npmjs.org/mimic-fn/-/mimic-fn-2.1.0.tgz"

mute-stream@0.0.7:
  version "0.0.7"
  resolved "https://registry.npm.taobao.org/mute-stream/download/mute-stream-0.0.7.tgz"

mute-stream@0.0.8:
  version "0.0.8"
  resolved "https://registry.npmjs.org/mute-stream/-/mute-stream-0.0.8.tgz"

onetime@^2.0.0:
  version "2.0.1"
  resolved "https://registry.npm.taobao.org/onetime/download/onetime-2.0.1.tgz?cache=0&sync_timestamp=1596455432708&other_urls=https%3A%2F%2Fregistry.npm.taobao.org%2Fonetime%2Fdownload%2Fonetime-2.0.1.tgz"
  dependencies:
    mimic-fn "^1.0.0"

onetime@^5.1.0:
  version "5.1.2"
  resolved "https://registry.npmjs.org/onetime/-/onetime-5.1.2.tgz"
  dependencies:
    mimic-fn "^2.1.0"

ora@^5.4.1:
  version "5.4.1"
  resolved "https://registry.npmjs.org/ora/-/ora-5.4.1.tgz"
  dependencies:
    bl "^4.1.0"
    chalk "^4.1.0"
    cli-cursor "^3.1.0"
    cli-spinners "^2.5.0"
    is-interactive "^1.0.0"
    is-unicode-supported "^0.1.0"
    log-symbols "^4.1.0"
    strip-ansi "^6.0.0"
    wcwidth "^1.0.1"

ora@^6.1.0:
  version "6.1.0"
  resolved "https://registry.npmjs.org/ora/-/ora-6.1.0.tgz"
  dependencies:
    bl "^5.0.0"
    chalk "^5.0.0"
    cli-cursor "^4.0.0"
    cli-spinners "^2.6.1"
    is-interactive "^2.0.0"
    is-unicode-supported "^1.1.0"
    log-symbols "^5.1.0"
    strip-ansi "^7.0.1"
    wcwidth "^1.0.1"

os-tmpdir@~1.0.2:
  version "1.0.2"
  resolved "https://registry.npm.taobao.org/os-tmpdir/download/os-tmpdir-1.0.2.tgz"

proxy-from-env@^1.1.0:
  version "1.1.0"
  resolved "https://registry.yarnpkg.com/proxy-from-env/-/proxy-from-env-1.1.0.tgz#e102f16ca355424865755d2c9e8ea4f24d58c3e2"

readable-stream@^3.4.0:
  version "3.6.0"
  resolved "https://registry.npmjs.org/readable-stream/-/readable-stream-3.6.0.tgz"
  dependencies:
    inherits "^2.0.3"
    string_decoder "^1.1.1"
    util-deprecate "^1.0.1"

restore-cursor@^2.0.0:
  version "2.0.0"
  resolved "https://registry.npm.taobao.org/restore-cursor/download/restore-cursor-2.0.0.tgz"
  dependencies:
    onetime "^2.0.0"
    signal-exit "^3.0.2"

restore-cursor@^3.1.0:
  version "3.1.0"
  resolved "https://registry.npmjs.org/restore-cursor/-/restore-cursor-3.1.0.tgz"
  dependencies:
    onetime "^5.1.0"
    signal-exit "^3.0.2"

restore-cursor@^4.0.0:
  version "4.0.0"
  resolved "https://registry.npmjs.org/restore-cursor/-/restore-cursor-4.0.0.tgz"
  dependencies:
    onetime "^5.1.0"
    signal-exit "^3.0.2"

run-async@^2.2.0, run-async@^2.4.0:
  version "2.4.1"
  resolved "https://registry.npm.taobao.org/run-async/download/run-async-2.4.1.tgz"

rx-lite-aggregates@^4.0.8:
  version "4.0.8"
  resolved "https://registry.npm.taobao.org/rx-lite-aggregates/download/rx-lite-aggregates-4.0.8.tgz"
  dependencies:
    rx-lite "*"

rx-lite@*, rx-lite@^4.0.8:
  version "4.0.8"
  resolved "https://registry.npm.taobao.org/rx-lite/download/rx-lite-4.0.8.tgz"

rxjs@^7.2.0:
  version "7.5.4"
  resolved "https://registry.npmjs.org/rxjs/-/rxjs-7.5.4.tgz"
  dependencies:
    tslib "^2.1.0"

safe-buffer@~5.2.0:
  version "5.2.1"
  resolved "https://registry.npmjs.org/safe-buffer/-/safe-buffer-5.2.1.tgz"

"safer-buffer@>= 2.1.2 < 3":
  version "2.1.2"
  resolved "https://registry.npm.taobao.org/safer-buffer/download/safer-buffer-2.1.2.tgz"

signal-exit@^3.0.2:
  version "3.0.3"
  resolved "https://registry.npm.taobao.org/signal-exit/download/signal-exit-3.0.3.tgz"

string-width@^2.1.0:
  version "2.1.1"
  resolved "https://registry.npmjs.org/string-width/-/string-width-2.1.1.tgz"
  dependencies:
    is-fullwidth-code-point "^2.0.0"
    strip-ansi "^4.0.0"

string-width@^4.1.0:
  version "4.2.3"
  resolved "https://registry.npmjs.org/string-width/-/string-width-4.2.3.tgz"
  dependencies:
    emoji-regex "^8.0.0"
    is-fullwidth-code-point "^3.0.0"
    strip-ansi "^6.0.1"

string_decoder@^1.1.1:
  version "1.3.0"
  resolved "https://registry.npmjs.org/string_decoder/-/string_decoder-1.3.0.tgz"
  dependencies:
    safe-buffer "~5.2.0"

strip-ansi@^4.0.0:
  version "4.0.0"
  resolved "https://registry.npm.taobao.org/strip-ansi/download/strip-ansi-4.0.0.tgz"
  dependencies:
    ansi-regex "^3.0.0"

strip-ansi@^6.0.0, strip-ansi@^6.0.1:
  version "6.0.1"
  resolved "https://registry.npmjs.org/strip-ansi/-/strip-ansi-6.0.1.tgz"
  dependencies:
    ansi-regex "^5.0.1"

strip-ansi@^7.0.1:
  version "7.0.1"
  resolved "https://registry.npmjs.org/strip-ansi/-/strip-ansi-7.0.1.tgz"
  dependencies:
    ansi-regex "^6.0.1"

supports-color@^5.3.0:
  version "5.5.0"
  resolved "https://registry.npmjs.org/supports-color/-/supports-color-5.5.0.tgz"
  dependencies:
    has-flag "^3.0.0"

supports-color@^7.1.0:
  version "7.2.0"
  resolved "https://registry.npmjs.org/supports-color/-/supports-color-7.2.0.tgz"
  dependencies:
    has-flag "^4.0.0"

through@^2.3.6:
  version "2.3.8"
  resolved "https://registry.npm.taobao.org/through/download/through-2.3.8.tgz"

tmp@^0.0.33:
  version "0.0.33"
  resolved "https://registry.npm.taobao.org/tmp/download/tmp-0.0.33.tgz"
  dependencies:
    os-tmpdir "~1.0.2"

tslib@^2.1.0:
  version "2.3.1"
  resolved "https://registry.npmjs.org/tslib/-/tslib-2.3.1.tgz"

type-fest@^0.21.3:
  version "0.21.3"
  resolved "https://registry.npmjs.org/type-fest/-/type-fest-0.21.3.tgz"

type-fest@^1.0.1:
  version "1.4.0"
  resolved "https://registry.yarnpkg.com/type-fest/-/type-fest-1.4.0.tgz#e9fb813fe3bf1744ec359d55d1affefa76f14be1"

typedarray-to-buffer@^3.1.5:
  version "3.1.5"
  resolved "https://registry.npm.taobao.org/typedarray-to-buffer/download/typedarray-to-buffer-3.1.5.tgz"
  integrity "sha1-qX7nqf9CaRufeD/xvFES/j/KkIA= sha512-zdu8XMNEDepKKR+XYOXAVPtWui0ly0NtohUscw+UmaHiAWT8hrV1rr//H6V+0DvJ3OQ19S979M0laLfX8rm82Q=="
  dependencies:
    is-typedarray "^1.0.0"

typescript@^3.0.1:
  version "3.9.7"
  resolved "https://registry.npm.taobao.org/typescript/download/typescript-3.9.7.tgz"
  integrity "sha1-mNYApevcOPQMsndSLxLcgA6eJfo= sha512-BLbiRkiBzAwsjut4x/dsibSTB6yWpwT5qWmC2OfuCg3GgVQCSgMs4vEctYPhsaGtd0AeuuHMkjZ2h2WG8MSzRw=="

unique-string@^3.0.0:
  version "3.0.0"
  resolved "https://registry.yarnpkg.com/unique-string/-/unique-string-3.0.0.tgz#84a1c377aff5fd7a8bc6b55d8244b2bd90d75b9a"
  dependencies:
    crypto-random-string "^4.0.0"

util-deprecate@^1.0.1:
  version "1.0.2"
  resolved "https://registry.npmjs.org/util-deprecate/-/util-deprecate-1.0.2.tgz"

util@^0.10.3:
  version "0.10.4"
  resolved "https://registry.npm.taobao.org/util/download/util-0.10.4.tgz"
  integrity "sha1-OqASW/5mikZy3liFfTrOJ+y3aQE= sha512-0Pm9hTQ3se5ll1XihRic3FDIku70C+iHUdT/W926rSgHV5QgXsYbKZN8MSC3tJtSkhuROzvsQjAaFENRXr+19A=="
  dependencies:
    inherits "2.0.3"

wcwidth@^1.0.1:
  version "1.0.1"
  resolved "https://registry.npm.taobao.org/wcwidth/download/wcwidth-1.0.1.tgz"
  dependencies:
    defaults "^1.0.3"

write-file-atomic@^3.0.3:
  version "3.0.3"
  resolved "https://registry.yarnpkg.com/write-file-atomic/-/write-file-atomic-3.0.3.tgz#56bd5c5a5c70481cd19c571bd39ab965a5de56e8"
  dependencies:
    imurmurhash "^0.1.4"
    is-typedarray "^1.0.0"
    signal-exit "^3.0.2"
    typedarray-to-buffer "^3.1.5"

xdg-basedir@^5.0.1:
  version "5.1.0"
  resolved "https://registry.yarnpkg.com/xdg-basedir/-/xdg-basedir-5.1.0.tgz#1efba19425e73be1bc6f2a6ceb52a3d2c884c0c9"
